
Microsoft Visual Studio Solution File, Format Version 12.00
# Visual Studio Version 16
VisualStudioVersion = 16.0.30011.22
MinimumVisualStudioVersion = 10.0.40219.1
Project("{FAE04EC0-301F-11D3-BF4B-00C04F79EFBC}") = "algo les1", "algo les1\algo les1.csproj", "{48328AFB-D701-4C53-AF4F-6E86112133D4}"
EndProject
Global
	GlobalSection(SolutionConfigurationPlatforms) = preSolution
		Debug|Any CPU = Debug|Any CPU
		Release|Any CPU = Release|Any CPU
	EndGlobalSection
	GlobalSection(ProjectConfigurationPlatforms) = postSolution
		{48328AFB-D701-4C53-AF4F-6E86112133D4}.Debug|Any CPU.ActiveCfg = Debug|Any CPU
		{48328AFB-D701-4C53-AF4F-6E86112133D4}.Debug|Any CPU.Build.0 = Debug|Any CPU
		{48328AFB-D701-4C53-AF4F-6E86112133D4}.Release|Any CPU.ActiveCfg = Release|Any CPU
		{48328AFB-D701-4C53-AF4F-6E86112133D4}.Release|Any CPU.Build.0 = Release|Any CPU
	EndGlobalSection
	GlobalSection(SolutionProperties) = preSolution
		HideSolutionNode = FALSE
	EndGlobalSection
	GlobalSection(ExtensibilityGlobals) = postSolution
		SolutionGuid = {4D940AFF-7940-4525-ACD6-3F603213EEE6}
	EndGlobalSection
EndGlobal
